// !$*UTF8*$!
{
	archiveVersion = 1;
	classes = {
	};
	objectVersion = 50;
	objects = {

/* Begin PBXBuildFile section */
		1156FDD28F4729383EC587AC /* Pods_HMDRealtimeChat.framework in Frameworks */ = {isa = PBXBuildFile; fileRef = E6B29DA4E82886DA3CBD95AA /* Pods_HMDRealtimeChat.framework */; };
		CB23597E2148C24700DB5240 /* ViewController.swift in Sources */ = {isa = PBXBuildFile; fileRef = CB2359422148C24700DB5240 /* ViewController.swift */; };
		CB23597F2148C24700DB5240 /* UIFont+MonserratSystemFont.swift in Sources */ = {isa = PBXBuildFile; fileRef = CB2359442148C24700DB5240 /* UIFont+MonserratSystemFont.swift */; };
		CB2359802148C24700DB5240 /* UIView+Animations.swift in Sources */ = {isa = PBXBuildFile; fileRef = CB2359452148C24700DB5240 /* UIView+Animations.swift */; };
		CB2359812148C24700DB5240 /* UIColor.swift in Sources */ = {isa = PBXBuildFile; fileRef = CB2359462148C24700DB5240 /* UIColor.swift */; };
		CB2359822148C24700DB5240 /* ArrayExtension.swift in Sources */ = {isa = PBXBuildFile; fileRef = CB2359472148C24700DB5240 /* ArrayExtension.swift */; };
		CB2359842148C24700DB5240 /* UITextFieldExtension.swift in Sources */ = {isa = PBXBuildFile; fileRef = CB2359492148C24700DB5240 /* UITextFieldExtension.swift */; };
		CB2359852148C24700DB5240 /* NSDateExtension.swift in Sources */ = {isa = PBXBuildFile; fileRef = CB23594A2148C24700DB5240 /* NSDateExtension.swift */; };
		CB2359872148C24700DB5240 /* BundleExtension.swift in Sources */ = {isa = PBXBuildFile; fileRef = CB23594C2148C24700DB5240 /* BundleExtension.swift */; };
		CB2359882148C24700DB5240 /* UITableViewExtension.swift in Sources */ = {isa = PBXBuildFile; fileRef = CB23594D2148C24700DB5240 /* UITableViewExtension.swift */; };
		CB2359892148C24700DB5240 /* UIStoryboardExtension.swift in Sources */ = {isa = PBXBuildFile; fileRef = CB23594E2148C24700DB5240 /* UIStoryboardExtension.swift */; };
		CB23598A2148C24700DB5240 /* UIViewExtension.swift in Sources */ = {isa = PBXBuildFile; fileRef = CB23594F2148C24700DB5240 /* UIViewExtension.swift */; };
		CB23598B2148C24700DB5240 /* ButtonWithImageAndTitleExtension.swift in Sources */ = {isa = PBXBuildFile; fileRef = CB2359502148C24700DB5240 /* ButtonWithImageAndTitleExtension.swift */; };
		CB23598C2148C24700DB5240 /* TimeIntervalExtension.swift in Sources */ = {isa = PBXBuildFile; fileRef = CB2359512148C24700DB5240 /* TimeIntervalExtension.swift */; };
		CB23598D2148C24700DB5240 /* EnumExtension.swift in Sources */ = {isa = PBXBuildFile; fileRef = CB2359522148C24700DB5240 /* EnumExtension.swift */; };
		CB23598E2148C24700DB5240 /* UIImageView+Utilities.swift in Sources */ = {isa = PBXBuildFile; fileRef = CB2359532148C24700DB5240 /* UIImageView+Utilities.swift */; };
		CB23598F2148C24700DB5240 /* UIDevice.swift in Sources */ = {isa = PBXBuildFile; fileRef = CB2359542148C24700DB5240 /* UIDevice.swift */; };
		CB2359902148C24700DB5240 /* DataExtension.swift in Sources */ = {isa = PBXBuildFile; fileRef = CB2359552148C24700DB5240 /* DataExtension.swift */; };
		CB2359922148C24700DB5240 /* StringExtension.swift in Sources */ = {isa = PBXBuildFile; fileRef = CB2359572148C24700DB5240 /* StringExtension.swift */; };
		CB2359932148C24700DB5240 /* UIImage+Utilities.swift in Sources */ = {isa = PBXBuildFile; fileRef = CB2359582148C24700DB5240 /* UIImage+Utilities.swift */; };
		CB2359942148C24700DB5240 /* DictionaryExtension.swift in Sources */ = {isa = PBXBuildFile; fileRef = CB2359592148C24700DB5240 /* DictionaryExtension.swift */; };
		CB2359952148C24700DB5240 /* DateHelper.swift in Sources */ = {isa = PBXBuildFile; fileRef = CB23595A2148C24700DB5240 /* DateHelper.swift */; };
		CB2359962148C24700DB5240 /* NSNumberExtension.swift in Sources */ = {isa = PBXBuildFile; fileRef = CB23595B2148C24700DB5240 /* NSNumberExtension.swift */; };
		CB2359972148C24700DB5240 /* RootColor.swift in Sources */ = {isa = PBXBuildFile; fileRef = CB23595D2148C24700DB5240 /* RootColor.swift */; };
		CB2359982148C24700DB5240 /* RootType.swift in Sources */ = {isa = PBXBuildFile; fileRef = CB23595E2148C24700DB5240 /* RootType.swift */; };
		CB2359992148C24700DB5240 /* RootLocationManager.swift in Sources */ = {isa = PBXBuildFile; fileRef = CB23595F2148C24700DB5240 /* RootLocationManager.swift */; };
		CB23599A2148C24700DB5240 /* RootString.swift in Sources */ = {isa = PBXBuildFile; fileRef = CB2359602148C24700DB5240 /* RootString.swift */; };
		CB23599B2148C24700DB5240 /* RootValidator.swift in Sources */ = {isa = PBXBuildFile; fileRef = CB2359612148C24700DB5240 /* RootValidator.swift */; };
		CB23599C2148C24700DB5240 /* RootImageUtil.swift in Sources */ = {isa = PBXBuildFile; fileRef = CB2359622148C24700DB5240 /* RootImageUtil.swift */; };
		CB23599D2148C24700DB5240 /* RootImagePicker.swift in Sources */ = {isa = PBXBuildFile; fileRef = CB2359632148C24700DB5240 /* RootImagePicker.swift */; };
		CB23599E2148C24700DB5240 /* RootFunctions.swift in Sources */ = {isa = PBXBuildFile; fileRef = CB2359642148C24700DB5240 /* RootFunctions.swift */; };
		CB23599F2148C24700DB5240 /* RootNotification.swift in Sources */ = {isa = PBXBuildFile; fileRef = CB2359652148C24700DB5240 /* RootNotification.swift */; };
		CB2359A02148C24700DB5240 /* RootDateTimeUtils.swift in Sources */ = {isa = PBXBuildFile; fileRef = CB2359662148C24700DB5240 /* RootDateTimeUtils.swift */; };
		CB2359A12148C24700DB5240 /* RootAuthManager.swift in Sources */ = {isa = PBXBuildFile; fileRef = CB2359672148C24700DB5240 /* RootAuthManager.swift */; };
		CB2359A22148C24700DB5240 /* RootIndicatorView.swift in Sources */ = {isa = PBXBuildFile; fileRef = CB2359682148C24700DB5240 /* RootIndicatorView.swift */; };
		CB2359A32148C24700DB5240 /* RootMessage.swift in Sources */ = {isa = PBXBuildFile; fileRef = CB2359692148C24700DB5240 /* RootMessage.swift */; };
		CB2359A42148C24700DB5240 /* RootLinker.swift in Sources */ = {isa = PBXBuildFile; fileRef = CB23596A2148C24700DB5240 /* RootLinker.swift */; };
		CB2359A52148C24700DB5240 /* RootError.swift in Sources */ = {isa = PBXBuildFile; fileRef = CB23596B2148C24700DB5240 /* RootError.swift */; };
		CB2359A62148C24700DB5240 /* RootStyleManager.swift in Sources */ = {isa = PBXBuildFile; fileRef = CB23596C2148C24700DB5240 /* RootStyleManager.swift */; };
		CB2359A72148C24700DB5240 /* RootAlert.swift in Sources */ = {isa = PBXBuildFile; fileRef = CB23596D2148C24700DB5240 /* RootAlert.swift */; };
		CB2359A82148C24700DB5240 /* UsersViewController.swift in Sources */ = {isa = PBXBuildFile; fileRef = CB23596F2148C24700DB5240 /* UsersViewController.swift */; };
		CB2359A92148C24700DB5240 /* LaunchScreen.storyboard in Resources */ = {isa = PBXBuildFile; fileRef = CB2359722148C24700DB5240 /* LaunchScreen.storyboard */; };
		CB2359AA2148C24700DB5240 /* Main.storyboard in Resources */ = {isa = PBXBuildFile; fileRef = CB2359742148C24700DB5240 /* Main.storyboard */; };
		CB2359AB2148C24700DB5240 /* BaseTableViewCell.swift in Sources */ = {isa = PBXBuildFile; fileRef = CB2359772148C24700DB5240 /* BaseTableViewCell.swift */; };
		CB2359AC2148C24700DB5240 /* UserCell.xib in Resources */ = {isa = PBXBuildFile; fileRef = CB2359782148C24700DB5240 /* UserCell.xib */; };
		CB2359AD2148C24700DB5240 /* UserCell.swift in Sources */ = {isa = PBXBuildFile; fileRef = CB2359792148C24700DB5240 /* UserCell.swift */; };
		CB2359AE2148C24700DB5240 /* Assets.xcassets in Resources */ = {isa = PBXBuildFile; fileRef = CB23597B2148C24700DB5240 /* Assets.xcassets */; };
		CB2359AF2148C24700DB5240 /* AppDelegate.swift in Sources */ = {isa = PBXBuildFile; fileRef = CB23597C2148C24700DB5240 /* AppDelegate.swift */; };
		CB2359B02148C24700DB5240 /* Info.plist in Resources */ = {isa = PBXBuildFile; fileRef = CB23597D2148C24700DB5240 /* Info.plist */; };
		CB2359B82148C2E100DB5240 /* RootViewController.swift in Sources */ = {isa = PBXBuildFile; fileRef = CB2359B22148C2E100DB5240 /* RootViewController.swift */; };
		CB2359BA2148C2E100DB5240 /* RootPrefrences.swift in Sources */ = {isa = PBXBuildFile; fileRef = CB2359B52148C2E100DB5240 /* RootPrefrences.swift */; };
		CB2359BB2148C2E100DB5240 /* RootViewDeckController.swift in Sources */ = {isa = PBXBuildFile; fileRef = CB2359B62148C2E100DB5240 /* RootViewDeckController.swift */; };
		CB2359BC2148C2E100DB5240 /* RootContants.swift in Sources */ = {isa = PBXBuildFile; fileRef = CB2359B72148C2E100DB5240 /* RootContants.swift */; };
		CB2359BE2148C60C00DB5240 /* RootSocketClientManager.swift in Sources */ = {isa = PBXBuildFile; fileRef = CB2359BD2148C60C00DB5240 /* RootSocketClientManager.swift */; };
		CB2359C02148C80C00DB5240 /* LoginViewController.swift in Sources */ = {isa = PBXBuildFile; fileRef = CB2359BF2148C80C00DB5240 /* LoginViewController.swift */; };
		CB2359C22148C84E00DB5240 /* ChatViewController.swift in Sources */ = {isa = PBXBuildFile; fileRef = CB2359C12148C84E00DB5240 /* ChatViewController.swift */; };
		CB2359C42148CA2600DB5240 /* RootNavigationChat.swift in Sources */ = {isa = PBXBuildFile; fileRef = CB2359C32148CA2600DB5240 /* RootNavigationChat.swift */; };
		CB2359C62148CA3700DB5240 /* RootNavigationUser.swift in Sources */ = {isa = PBXBuildFile; fileRef = CB2359C52148CA3700DB5240 /* RootNavigationUser.swift */; };
		CB2359C92148F4CB00DB5240 /* ReceiverCell.swift in Sources */ = {isa = PBXBuildFile; fileRef = CB2359C72148F4CB00DB5240 /* ReceiverCell.swift */; };
		CB2359CA2148F4CB00DB5240 /* ReceiverCell.xib in Resources */ = {isa = PBXBuildFile; fileRef = CB2359C82148F4CB00DB5240 /* ReceiverCell.xib */; };
		CB2359CD2148F4D500DB5240 /* SenderCell.swift in Sources */ = {isa = PBXBuildFile; fileRef = CB2359CB2148F4D500DB5240 /* SenderCell.swift */; };
		CB2359CE2148F4D500DB5240 /* SenderCell.xib in Resources */ = {isa = PBXBuildFile; fileRef = CB2359CC2148F4D500DB5240 /* SenderCell.xib */; };
		CB2359D12149024500DB5240 /* RootAPI.swift in Sources */ = {isa = PBXBuildFile; fileRef = CB2359D02149024500DB5240 /* RootAPI.swift */; };
		CB2359ED214902FB00DB5240 /* GenericResponse.swift in Sources */ = {isa = PBXBuildFile; fileRef = CB2359EC214902FB00DB5240 /* GenericResponse.swift */; };
		CB2359EF2149246800DB5240 /* newMessage.wav in Resources */ = {isa = PBXBuildFile; fileRef = CB2359EE2149246800DB5240 /* newMessage.wav */; };
		CB72A712214A1B9C00BF3085 /* UserResponse.swift in Sources */ = {isa = PBXBuildFile; fileRef = CB72A711214A1B9C00BF3085 /* UserResponse.swift */; };
/* End PBXBuildFile section */

/* Begin PBXFileReference section */
		9CB0138231C8FB680EA80093 /* Pods-HMDRealtimeChat.release.xcconfig */ = {isa = PBXFileReference; includeInIndex = 1; lastKnownFileType = text.xcconfig; name = "Pods-HMDRealtimeChat.release.xcconfig"; path = "Pods/Target Support Files/Pods-HMDRealtimeChat/Pods-HMDRealtimeChat.release.xcconfig"; sourceTree = "<group>"; };
		9E16D50CCA9C27E848D5C5E7 /* Pods_DemoSocketIOClient.framework */ = {isa = PBXFileReference; explicitFileType = wrapper.framework; includeInIndex = 0; path = Pods_DemoSocketIOClient.framework; sourceTree = BUILT_PRODUCTS_DIR; };
		C5ABC8653A5F4402A7CF6E83 /* Pods-HMDRealtimeChat.debug.xcconfig */ = {isa = PBXFileReference; includeInIndex = 1; lastKnownFileType = text.xcconfig; name = "Pods-HMDRealtimeChat.debug.xcconfig"; path = "Pods/Target Support Files/Pods-HMDRealtimeChat/Pods-HMDRealtimeChat.debug.xcconfig"; sourceTree = "<group>"; };
		CB2359422148C24700DB5240 /* ViewController.swift */ = {isa = PBXFileReference; fileEncoding = 4; lastKnownFileType = sourcecode.swift; path = ViewController.swift; sourceTree = "<group>"; };
		CB2359442148C24700DB5240 /* UIFont+MonserratSystemFont.swift */ = {isa = PBXFileReference; fileEncoding = 4; lastKnownFileType = sourcecode.swift; path = "UIFont+MonserratSystemFont.swift"; sourceTree = "<group>"; };
		CB2359452148C24700DB5240 /* UIView+Animations.swift */ = {isa = PBXFileReference; fileEncoding = 4; lastKnownFileType = sourcecode.swift; path = "UIView+Animations.swift"; sourceTree = "<group>"; };
		CB2359462148C24700DB5240 /* UIColor.swift */ = {isa = PBXFileReference; fileEncoding = 4; lastKnownFileType = sourcecode.swift; path = UIColor.swift; sourceTree = "<group>"; };
		CB2359472148C24700DB5240 /* ArrayExtension.swift */ = {isa = PBXFileReference; fileEncoding = 4; lastKnownFileType = sourcecode.swift; path = ArrayExtension.swift; sourceTree = "<group>"; };
		CB2359492148C24700DB5240 /* UITextFieldExtension.swift */ = {isa = PBXFileReference; fileEncoding = 4; lastKnownFileType = sourcecode.swift; path = UITextFieldExtension.swift; sourceTree = "<group>"; };
		CB23594A2148C24700DB5240 /* NSDateExtension.swift */ = {isa = PBXFileReference; fileEncoding = 4; lastKnownFileType = sourcecode.swift; path = NSDateExtension.swift; sourceTree = "<group>"; };
		CB23594C2148C24700DB5240 /* BundleExtension.swift */ = {isa = PBXFileReference; fileEncoding = 4; lastKnownFileType = sourcecode.swift; path = BundleExtension.swift; sourceTree = "<group>"; };
		CB23594D2148C24700DB5240 /* UITableViewExtension.swift */ = {isa = PBXFileReference; fileEncoding = 4; lastKnownFileType = sourcecode.swift; path = UITableViewExtension.swift; sourceTree = "<group>"; };
		CB23594E2148C24700DB5240 /* UIStoryboardExtension.swift */ = {isa = PBXFileReference; fileEncoding = 4; lastKnownFileType = sourcecode.swift; path = UIStoryboardExtension.swift; sourceTree = "<group>"; };
		CB23594F2148C24700DB5240 /* UIViewExtension.swift */ = {isa = PBXFileReference; fileEncoding = 4; lastKnownFileType = sourcecode.swift; path = UIViewExtension.swift; sourceTree = "<group>"; };
		CB2359502148C24700DB5240 /* ButtonWithImageAndTitleExtension.swift */ = {isa = PBXFileReference; fileEncoding = 4; lastKnownFileType = sourcecode.swift; path = ButtonWithImageAndTitleExtension.swift; sourceTree = "<group>"; };
		CB2359512148C24700DB5240 /* TimeIntervalExtension.swift */ = {isa = PBXFileReference; fileEncoding = 4; lastKnownFileType = sourcecode.swift; path = TimeIntervalExtension.swift; sourceTree = "<group>"; };
		CB2359522148C24700DB5240 /* EnumExtension.swift */ = {isa = PBXFileReference; fileEncoding = 4; lastKnownFileType = sourcecode.swift; path = EnumExtension.swift; sourceTree = "<group>"; };
		CB2359532148C24700DB5240 /* UIImageView+Utilities.swift */ = {isa = PBXFileReference; fileEncoding = 4; lastKnownFileType = sourcecode.swift; path = "UIImageView+Utilities.swift"; sourceTree = "<group>"; };
		CB2359542148C24700DB5240 /* UIDevice.swift */ = {isa = PBXFileReference; fileEncoding = 4; lastKnownFileType = sourcecode.swift; path = UIDevice.swift; sourceTree = "<group>"; };
		CB2359552148C24700DB5240 /* DataExtension.swift */ = {isa = PBXFileReference; fileEncoding = 4; lastKnownFileType = sourcecode.swift; path = DataExtension.swift; sourceTree = "<group>"; };
		CB2359572148C24700DB5240 /* StringExtension.swift */ = {isa = PBXFileReference; fileEncoding = 4; lastKnownFileType = sourcecode.swift; path = StringExtension.swift; sourceTree = "<group>"; };
		CB2359582148C24700DB5240 /* UIImage+Utilities.swift */ = {isa = PBXFileReference; fileEncoding = 4; lastKnownFileType = sourcecode.swift; path = "UIImage+Utilities.swift"; sourceTree = "<group>"; };
		CB2359592148C24700DB5240 /* DictionaryExtension.swift */ = {isa = PBXFileReference; fileEncoding = 4; lastKnownFileType = sourcecode.swift; path = DictionaryExtension.swift; sourceTree = "<group>"; };
		CB23595A2148C24700DB5240 /* DateHelper.swift */ = {isa = PBXFileReference; fileEncoding = 4; lastKnownFileType = sourcecode.swift; path = DateHelper.swift; sourceTree = "<group>"; };
		CB23595B2148C24700DB5240 /* NSNumberExtension.swift */ = {isa = PBXFileReference; fileEncoding = 4; lastKnownFileType = sourcecode.swift; path = NSNumberExtension.swift; sourceTree = "<group>"; };
		CB23595D2148C24700DB5240 /* RootColor.swift */ = {isa = PBXFileReference; fileEncoding = 4; lastKnownFileType = sourcecode.swift; path = RootColor.swift; sourceTree = "<group>"; };
		CB23595E2148C24700DB5240 /* RootType.swift */ = {isa = PBXFileReference; fileEncoding = 4; lastKnownFileType = sourcecode.swift; path = RootType.swift; sourceTree = "<group>"; };
		CB23595F2148C24700DB5240 /* RootLocationManager.swift */ = {isa = PBXFileReference; fileEncoding = 4; lastKnownFileType = sourcecode.swift; path = RootLocationManager.swift; sourceTree = "<group>"; };
		CB2359602148C24700DB5240 /* RootString.swift */ = {isa = PBXFileReference; fileEncoding = 4; lastKnownFileType = sourcecode.swift; path = RootString.swift; sourceTree = "<group>"; };
		CB2359612148C24700DB5240 /* RootValidator.swift */ = {isa = PBXFileReference; fileEncoding = 4; lastKnownFileType = sourcecode.swift; path = RootValidator.swift; sourceTree = "<group>"; };
		CB2359622148C24700DB5240 /* RootImageUtil.swift */ = {isa = PBXFileReference; fileEncoding = 4; lastKnownFileType = sourcecode.swift; path = RootImageUtil.swift; sourceTree = "<group>"; };
		CB2359632148C24700DB5240 /* RootImagePicker.swift */ = {isa = PBXFileReference; fileEncoding = 4; lastKnownFileType = sourcecode.swift; path = RootImagePicker.swift; sourceTree = "<group>"; };
		CB2359642148C24700DB5240 /* RootFunctions.swift */ = {isa = PBXFileReference; fileEncoding = 4; lastKnownFileType = sourcecode.swift; path = RootFunctions.swift; sourceTree = "<group>"; };
		CB2359652148C24700DB5240 /* RootNotification.swift */ = {isa = PBXFileReference; fileEncoding = 4; lastKnownFileType = sourcecode.swift; path = RootNotification.swift; sourceTree = "<group>"; };
		CB2359662148C24700DB5240 /* RootDateTimeUtils.swift */ = {isa = PBXFileReference; fileEncoding = 4; lastKnownFileType = sourcecode.swift; path = RootDateTimeUtils.swift; sourceTree = "<group>"; };
		CB2359672148C24700DB5240 /* RootAuthManager.swift */ = {isa = PBXFileReference; fileEncoding = 4; lastKnownFileType = sourcecode.swift; path = RootAuthManager.swift; sourceTree = "<group>"; };
		CB2359682148C24700DB5240 /* RootIndicatorView.swift */ = {isa = PBXFileReference; fileEncoding = 4; lastKnownFileType = sourcecode.swift; path = RootIndicatorView.swift; sourceTree = "<group>"; };
		CB2359692148C24700DB5240 /* RootMessage.swift */ = {isa = PBXFileReference; fileEncoding = 4; lastKnownFileType = sourcecode.swift; path = RootMessage.swift; sourceTree = "<group>"; };
		CB23596A2148C24700DB5240 /* RootLinker.swift */ = {isa = PBXFileReference; fileEncoding = 4; lastKnownFileType = sourcecode.swift; path = RootLinker.swift; sourceTree = "<group>"; };
		CB23596B2148C24700DB5240 /* RootError.swift */ = {isa = PBXFileReference; fileEncoding = 4; lastKnownFileType = sourcecode.swift; path = RootError.swift; sourceTree = "<group>"; };
		CB23596C2148C24700DB5240 /* RootStyleManager.swift */ = {isa = PBXFileReference; fileEncoding = 4; lastKnownFileType = sourcecode.swift; path = RootStyleManager.swift; sourceTree = "<group>"; };
		CB23596D2148C24700DB5240 /* RootAlert.swift */ = {isa = PBXFileReference; fileEncoding = 4; lastKnownFileType = sourcecode.swift; path = RootAlert.swift; sourceTree = "<group>"; };
		CB23596F2148C24700DB5240 /* UsersViewController.swift */ = {isa = PBXFileReference; fileEncoding = 4; lastKnownFileType = sourcecode.swift; path = UsersViewController.swift; sourceTree = "<group>"; };
		CB2359732148C24700DB5240 /* Base */ = {isa = PBXFileReference; lastKnownFileType = file.storyboard; name = Base; path = Base.lproj/LaunchScreen.storyboard; sourceTree = "<group>"; };
		CB2359752148C24700DB5240 /* Base */ = {isa = PBXFileReference; lastKnownFileType = file.storyboard; name = Base; path = Base.lproj/Main.storyboard; sourceTree = "<group>"; };
		CB2359772148C24700DB5240 /* BaseTableViewCell.swift */ = {isa = PBXFileReference; fileEncoding = 4; lastKnownFileType = sourcecode.swift; path = BaseTableViewCell.swift; sourceTree = "<group>"; };
		CB2359782148C24700DB5240 /* UserCell.xib */ = {isa = PBXFileReference; fileEncoding = 4; lastKnownFileType = file.xib; path = UserCell.xib; sourceTree = "<group>"; };
		CB2359792148C24700DB5240 /* UserCell.swift */ = {isa = PBXFileReference; fileEncoding = 4; lastKnownFileType = sourcecode.swift; path = UserCell.swift; sourceTree = "<group>"; };
		CB23597B2148C24700DB5240 /* Assets.xcassets */ = {isa = PBXFileReference; lastKnownFileType = folder.assetcatalog; path = Assets.xcassets; sourceTree = "<group>"; };
		CB23597C2148C24700DB5240 /* AppDelegate.swift */ = {isa = PBXFileReference; fileEncoding = 4; lastKnownFileType = sourcecode.swift; path = AppDelegate.swift; sourceTree = "<group>"; };
		CB23597D2148C24700DB5240 /* Info.plist */ = {isa = PBXFileReference; fileEncoding = 4; lastKnownFileType = text.plist.xml; path = Info.plist; sourceTree = "<group>"; };
		CB2359B22148C2E100DB5240 /* RootViewController.swift */ = {isa = PBXFileReference; fileEncoding = 4; lastKnownFileType = sourcecode.swift; path = RootViewController.swift; sourceTree = "<group>"; };
		CB2359B52148C2E100DB5240 /* RootPrefrences.swift */ = {isa = PBXFileReference; fileEncoding = 4; lastKnownFileType = sourcecode.swift; path = RootPrefrences.swift; sourceTree = "<group>"; };
		CB2359B62148C2E100DB5240 /* RootViewDeckController.swift */ = {isa = PBXFileReference; fileEncoding = 4; lastKnownFileType = sourcecode.swift; path = RootViewDeckController.swift; sourceTree = "<group>"; };
		CB2359B72148C2E100DB5240 /* RootContants.swift */ = {isa = PBXFileReference; fileEncoding = 4; lastKnownFileType = sourcecode.swift; path = RootContants.swift; sourceTree = "<group>"; };
		CB2359BD2148C60C00DB5240 /* RootSocketClientManager.swift */ = {isa = PBXFileReference; lastKnownFileType = sourcecode.swift; path = RootSocketClientManager.swift; sourceTree = "<group>"; };
		CB2359BF2148C80C00DB5240 /* LoginViewController.swift */ = {isa = PBXFileReference; lastKnownFileType = sourcecode.swift; path = LoginViewController.swift; sourceTree = "<group>"; };
		CB2359C12148C84E00DB5240 /* ChatViewController.swift */ = {isa = PBXFileReference; lastKnownFileType = sourcecode.swift; path = ChatViewController.swift; sourceTree = "<group>"; };
		CB2359C32148CA2600DB5240 /* RootNavigationChat.swift */ = {isa = PBXFileReference; lastKnownFileType = sourcecode.swift; path = RootNavigationChat.swift; sourceTree = "<group>"; };
		CB2359C52148CA3700DB5240 /* RootNavigationUser.swift */ = {isa = PBXFileReference; lastKnownFileType = sourcecode.swift; path = RootNavigationUser.swift; sourceTree = "<group>"; };
		CB2359C72148F4CB00DB5240 /* ReceiverCell.swift */ = {isa = PBXFileReference; lastKnownFileType = sourcecode.swift; path = ReceiverCell.swift; sourceTree = "<group>"; };
		CB2359C82148F4CB00DB5240 /* ReceiverCell.xib */ = {isa = PBXFileReference; lastKnownFileType = file.xib; path = ReceiverCell.xib; sourceTree = "<group>"; };
		CB2359CB2148F4D500DB5240 /* SenderCell.swift */ = {isa = PBXFileReference; lastKnownFileType = sourcecode.swift; path = SenderCell.swift; sourceTree = "<group>"; };
		CB2359CC2148F4D500DB5240 /* SenderCell.xib */ = {isa = PBXFileReference; lastKnownFileType = file.xib; path = SenderCell.xib; sourceTree = "<group>"; };
		CB2359D02149024500DB5240 /* RootAPI.swift */ = {isa = PBXFileReference; lastKnownFileType = sourcecode.swift; path = RootAPI.swift; sourceTree = "<group>"; };
		CB2359EC214902FB00DB5240 /* GenericResponse.swift */ = {isa = PBXFileReference; fileEncoding = 4; lastKnownFileType = sourcecode.swift; path = GenericResponse.swift; sourceTree = "<group>"; };
		CB2359EE2149246800DB5240 /* newMessage.wav */ = {isa = PBXFileReference; lastKnownFileType = audio.wav; path = newMessage.wav; sourceTree = "<group>"; };
		CB72A711214A1B9C00BF3085 /* UserResponse.swift */ = {isa = PBXFileReference; lastKnownFileType = sourcecode.swift; path = UserResponse.swift; sourceTree = "<group>"; };
		CB82A95421479F4200538F1C /* HMDRealtimeChat.app */ = {isa = PBXFileReference; explicitFileType = wrapper.application; includeInIndex = 0; path = HMDRealtimeChat.app; sourceTree = BUILT_PRODUCTS_DIR; };
		E6B29DA4E82886DA3CBD95AA /* Pods_HMDRealtimeChat.framework */ = {isa = PBXFileReference; explicitFileType = wrapper.framework; includeInIndex = 0; path = Pods_HMDRealtimeChat.framework; sourceTree = BUILT_PRODUCTS_DIR; };
/* End PBXFileReference section */

/* Begin PBXFrameworksBuildPhase section */
		CB82A95121479F4200538F1C /* Frameworks */ = {
			isa = PBXFrameworksBuildPhase;
			buildActionMask = 2147483647;
			files = (
				1156FDD28F4729383EC587AC /* Pods_HMDRealtimeChat.framework in Frameworks */,
			);
			runOnlyForDeploymentPostprocessing = 0;
		};
/* End PBXFrameworksBuildPhase section */

/* Begin PBXGroup section */
		341680175E11848ACF74C137 /* Pods */ = {
			isa = PBXGroup;
			children = (
				C5ABC8653A5F4402A7CF6E83 /* Pods-HMDRealtimeChat.debug.xcconfig */,
				9CB0138231C8FB680EA80093 /* Pods-HMDRealtimeChat.release.xcconfig */,
			);
			name = Pods;
			sourceTree = "<group>";
		};
		A9970A18C4BF595D28BE91FE /* Frameworks */ = {
			isa = PBXGroup;
			children = (
				9E16D50CCA9C27E848D5C5E7 /* Pods_DemoSocketIOClient.framework */,
				E6B29DA4E82886DA3CBD95AA /* Pods_HMDRealtimeChat.framework */,
			);
			name = Frameworks;
			sourceTree = "<group>";
		};
		CB2359412148C24700DB5240 /* HMDRealtimeChat */ = {
			isa = PBXGroup;
			children = (
				CB2359DF214902E500DB5240 /* Models */,
				CB2359CF2149023600DB5240 /* Network */,
				CB2359B12148C2E100DB5240 /* Root */,
				CB2359432148C24700DB5240 /* Extensions */,
				CB23595C2148C24700DB5240 /* Utilities */,
				CB23596E2148C24700DB5240 /* Controllers */,
				CB2359702148C24700DB5240 /* Views */,
				CB23597A2148C24700DB5240 /* SupportFiles */,
			);
			path = HMDRealtimeChat;
			sourceTree = "<group>";
		};
		CB2359432148C24700DB5240 /* Extensions */ = {
			isa = PBXGroup;
			children = (
				CB2359442148C24700DB5240 /* UIFont+MonserratSystemFont.swift */,
				CB2359452148C24700DB5240 /* UIView+Animations.swift */,
				CB2359462148C24700DB5240 /* UIColor.swift */,
				CB2359472148C24700DB5240 /* ArrayExtension.swift */,
				CB2359492148C24700DB5240 /* UITextFieldExtension.swift */,
				CB23594A2148C24700DB5240 /* NSDateExtension.swift */,
				CB23594C2148C24700DB5240 /* BundleExtension.swift */,
				CB23594D2148C24700DB5240 /* UITableViewExtension.swift */,
				CB23594E2148C24700DB5240 /* UIStoryboardExtension.swift */,
				CB23594F2148C24700DB5240 /* UIViewExtension.swift */,
				CB2359502148C24700DB5240 /* ButtonWithImageAndTitleExtension.swift */,
				CB2359512148C24700DB5240 /* TimeIntervalExtension.swift */,
				CB2359522148C24700DB5240 /* EnumExtension.swift */,
				CB2359532148C24700DB5240 /* UIImageView+Utilities.swift */,
				CB2359542148C24700DB5240 /* UIDevice.swift */,
				CB2359552148C24700DB5240 /* DataExtension.swift */,
				CB2359572148C24700DB5240 /* StringExtension.swift */,
				CB2359582148C24700DB5240 /* UIImage+Utilities.swift */,
				CB2359592148C24700DB5240 /* DictionaryExtension.swift */,
				CB23595A2148C24700DB5240 /* DateHelper.swift */,
				CB23595B2148C24700DB5240 /* NSNumberExtension.swift */,
			);
			path = Extensions;
			sourceTree = "<group>";
		};
		CB23595C2148C24700DB5240 /* Utilities */ = {
			isa = PBXGroup;
			children = (
				CB23595D2148C24700DB5240 /* RootColor.swift */,
				CB23595E2148C24700DB5240 /* RootType.swift */,
				CB23595F2148C24700DB5240 /* RootLocationManager.swift */,
				CB2359602148C24700DB5240 /* RootString.swift */,
				CB2359612148C24700DB5240 /* RootValidator.swift */,
				CB2359622148C24700DB5240 /* RootImageUtil.swift */,
				CB2359632148C24700DB5240 /* RootImagePicker.swift */,
				CB2359642148C24700DB5240 /* RootFunctions.swift */,
				CB2359652148C24700DB5240 /* RootNotification.swift */,
				CB2359662148C24700DB5240 /* RootDateTimeUtils.swift */,
				CB2359672148C24700DB5240 /* RootAuthManager.swift */,
				CB2359682148C24700DB5240 /* RootIndicatorView.swift */,
				CB2359692148C24700DB5240 /* RootMessage.swift */,
				CB23596A2148C24700DB5240 /* RootLinker.swift */,
				CB23596B2148C24700DB5240 /* RootError.swift */,
				CB23596C2148C24700DB5240 /* RootStyleManager.swift */,
				CB23596D2148C24700DB5240 /* RootAlert.swift */,
				CB2359BD2148C60C00DB5240 /* RootSocketClientManager.swift */,
			);
			path = Utilities;
			sourceTree = "<group>";
		};
		CB23596E2148C24700DB5240 /* Controllers */ = {
			isa = PBXGroup;
			children = (
				CB2359422148C24700DB5240 /* ViewController.swift */,
				CB23596F2148C24700DB5240 /* UsersViewController.swift */,
				CB2359BF2148C80C00DB5240 /* LoginViewController.swift */,
				CB2359C12148C84E00DB5240 /* ChatViewController.swift */,
			);
			path = Controllers;
			sourceTree = "<group>";
		};
		CB2359702148C24700DB5240 /* Views */ = {
			isa = PBXGroup;
			children = (
				CB2359712148C24700DB5240 /* Storyboards */,
				CB2359762148C24700DB5240 /* Cells */,
			);
			path = Views;
			sourceTree = "<group>";
		};
		CB2359712148C24700DB5240 /* Storyboards */ = {
			isa = PBXGroup;
			children = (
				CB2359722148C24700DB5240 /* LaunchScreen.storyboard */,
				CB2359742148C24700DB5240 /* Main.storyboard */,
			);
			path = Storyboards;
			sourceTree = "<group>";
		};
		CB2359762148C24700DB5240 /* Cells */ = {
			isa = PBXGroup;
			children = (
				CB2359772148C24700DB5240 /* BaseTableViewCell.swift */,
				CB2359782148C24700DB5240 /* UserCell.xib */,
				CB2359792148C24700DB5240 /* UserCell.swift */,
				CB2359C72148F4CB00DB5240 /* ReceiverCell.swift */,
				CB2359C82148F4CB00DB5240 /* ReceiverCell.xib */,
				CB2359CB2148F4D500DB5240 /* SenderCell.swift */,
				CB2359CC2148F4D500DB5240 /* SenderCell.xib */,
			);
			path = Cells;
			sourceTree = "<group>";
		};
		CB23597A2148C24700DB5240 /* SupportFiles */ = {
			isa = PBXGroup;
			children = (
				CB2359EE2149246800DB5240 /* newMessage.wav */,
				CB23597B2148C24700DB5240 /* Assets.xcassets */,
				CB23597C2148C24700DB5240 /* AppDelegate.swift */,
				CB23597D2148C24700DB5240 /* Info.plist */,
			);
			path = SupportFiles;
			sourceTree = "<group>";
		};
		CB2359B12148C2E100DB5240 /* Root */ = {
			isa = PBXGroup;
			children = (
				CB2359B22148C2E100DB5240 /* RootViewController.swift */,
				CB2359B32148C2E100DB5240 /* Navigation */,
				CB2359B52148C2E100DB5240 /* RootPrefrences.swift */,
				CB2359B62148C2E100DB5240 /* RootViewDeckController.swift */,
				CB2359B72148C2E100DB5240 /* RootContants.swift */,
			);
			path = Root;
			sourceTree = "<group>";
		};
		CB2359B32148C2E100DB5240 /* Navigation */ = {
			isa = PBXGroup;
			children = (
				CB2359C32148CA2600DB5240 /* RootNavigationChat.swift */,
				CB2359C52148CA3700DB5240 /* RootNavigationUser.swift */,
			);
			path = Navigation;
			sourceTree = "<group>";
		};
		CB2359CF2149023600DB5240 /* Network */ = {
			isa = PBXGroup;
			children = (
				CB2359D02149024500DB5240 /* RootAPI.swift */,
			);
			path = Network;
			sourceTree = "<group>";
		};
		CB2359DF214902E500DB5240 /* Models */ = {
			isa = PBXGroup;
			children = (
				CB2359EC214902FB00DB5240 /* GenericResponse.swift */,
				CB72A711214A1B9C00BF3085 /* UserResponse.swift */,
			);
			path = Models;
			sourceTree = "<group>";
		};
		CB82A94B21479F4200538F1C = {
			isa = PBXGroup;
			children = (
				CB2359412148C24700DB5240 /* HMDRealtimeChat */,
				CB82A95521479F4200538F1C /* Products */,
				341680175E11848ACF74C137 /* Pods */,
				A9970A18C4BF595D28BE91FE /* Frameworks */,
			);
			sourceTree = "<group>";
		};
		CB82A95521479F4200538F1C /* Products */ = {
			isa = PBXGroup;
			children = (
				CB82A95421479F4200538F1C /* HMDRealtimeChat.app */,
			);
			name = Products;
			sourceTree = "<group>";
		};
/* End PBXGroup section */

/* Begin PBXNativeTarget section */
		CB82A95321479F4200538F1C /* HMDRealtimeChat */ = {
			isa = PBXNativeTarget;
			buildConfigurationList = CB82A96621479F4400538F1C /* Build configuration list for PBXNativeTarget "HMDRealtimeChat" */;
			buildPhases = (
				2AB0106EF1B077ADA174639B /* [CP] Check Pods Manifest.lock */,
				CB82A95021479F4200538F1C /* Sources */,
				CB82A95121479F4200538F1C /* Frameworks */,
				CB82A95221479F4200538F1C /* Resources */,
				B735ADE3F8E2477BD6FBFC42 /* [CP] Embed Pods Frameworks */,
			);
			buildRules = (
			);
			dependencies = (
			);
			name = HMDRealtimeChat;
			productName = DemoSocketIOClient;
			productReference = CB82A95421479F4200538F1C /* HMDRealtimeChat.app */;
			productType = "com.apple.product-type.application";
		};
/* End PBXNativeTarget section */

/* Begin PBXProject section */
		CB82A94C21479F4200538F1C /* Project object */ = {
			isa = PBXProject;
			attributes = {
				LastSwiftUpdateCheck = 0930;
				LastUpgradeCheck = 0930;
				ORGANIZATIONNAME = "Khoi Nguyen";
				TargetAttributes = {
					CB82A95321479F4200538F1C = {
						CreatedOnToolsVersion = 9.3;
					};
				};
			};
			buildConfigurationList = CB82A94F21479F4200538F1C /* Build configuration list for PBXProject "HMDRealtimeChat" */;
			compatibilityVersion = "Xcode 9.3";
			developmentRegion = en;
			hasScannedForEncodings = 0;
			knownRegions = (
				en,
				Base,
			);
			mainGroup = CB82A94B21479F4200538F1C;
			productRefGroup = CB82A95521479F4200538F1C /* Products */;
			projectDirPath = "";
			projectRoot = "";
			targets = (
				CB82A95321479F4200538F1C /* HMDRealtimeChat */,
			);
		};
/* End PBXProject section */

/* Begin PBXResourcesBuildPhase section */
		CB82A95221479F4200538F1C /* Resources */ = {
			isa = PBXResourcesBuildPhase;
			buildActionMask = 2147483647;
			files = (
				CB2359A92148C24700DB5240 /* LaunchScreen.storyboard in Resources */,
				CB2359EF2149246800DB5240 /* newMessage.wav in Resources */,
				CB2359AA2148C24700DB5240 /* Main.storyboard in Resources */,
				CB2359CA2148F4CB00DB5240 /* ReceiverCell.xib in Resources */,
				CB2359AE2148C24700DB5240 /* Assets.xcassets in Resources */,
				CB2359B02148C24700DB5240 /* Info.plist in Resources */,
				CB2359CE2148F4D500DB5240 /* SenderCell.xib in Resources */,
				CB2359AC2148C24700DB5240 /* UserCell.xib in Resources */,
			);
			runOnlyForDeploymentPostprocessing = 0;
		};
/* End PBXResourcesBuildPhase section */

/* Begin PBXShellScriptBuildPhase section */
		2AB0106EF1B077ADA174639B /* [CP] Check Pods Manifest.lock */ = {
			isa = PBXShellScriptBuildPhase;
			buildActionMask = 2147483647;
			files = (
			);
			inputPaths = (
				"${PODS_PODFILE_DIR_PATH}/Podfile.lock",
				"${PODS_ROOT}/Manifest.lock",
			);
			name = "[CP] Check Pods Manifest.lock";
			outputPaths = (
				"$(DERIVED_FILE_DIR)/Pods-HMDRealtimeChat-checkManifestLockResult.txt",
			);
			runOnlyForDeploymentPostprocessing = 0;
			shellPath = /bin/sh;
			shellScript = "diff \"${PODS_PODFILE_DIR_PATH}/Podfile.lock\" \"${PODS_ROOT}/Manifest.lock\" > /dev/null\nif [ $? != 0 ] ; then\n    # print error to STDERR\n    echo \"error: The sandbox is not in sync with the Podfile.lock. Run 'pod install' or update your CocoaPods installation.\" >&2\n    exit 1\nfi\n# This output is used by Xcode 'outputs' to avoid re-running this script phase.\necho \"SUCCESS\" > \"${SCRIPT_OUTPUT_FILE_0}\"\n";
			showEnvVarsInLog = 0;
		};
		B735ADE3F8E2477BD6FBFC42 /* [CP] Embed Pods Frameworks */ = {
			isa = PBXShellScriptBuildPhase;
			buildActionMask = 2147483647;
			files = (
			);
			inputPaths = (
				"${SRCROOT}/Pods/Target Support Files/Pods-HMDRealtimeChat/Pods-HMDRealtimeChat-frameworks.sh",
				"${BUILT_PRODUCTS_DIR}/Alamofire/Alamofire.framework",
				"${BUILT_PRODUCTS_DIR}/AlamofireObjectMapper/AlamofireObjectMapper.framework",
				"${BUILT_PRODUCTS_DIR}/IQKeyboardManagerSwift/IQKeyboardManagerSwift.framework",
				"${BUILT_PRODUCTS_DIR}/MarqueeLabel/MarqueeLabel.framework",
				"${BUILT_PRODUCTS_DIR}/NVActivityIndicatorView/NVActivityIndicatorView.framework",
				"${BUILT_PRODUCTS_DIR}/NotificationBannerSwift/NotificationBannerSwift.framework",
				"${BUILT_PRODUCTS_DIR}/ObjectMapper/ObjectMapper.framework",
				"${BUILT_PRODUCTS_DIR}/SDWebImage/SDWebImage.framework",
				"${BUILT_PRODUCTS_DIR}/SnapKit/SnapKit.framework",
				"${BUILT_PRODUCTS_DIR}/Socket.IO-Client-Swift/SocketIO.framework",
				"${BUILT_PRODUCTS_DIR}/Starscream/Starscream.framework",
				"${BUILT_PRODUCTS_DIR}/SwiftyExtension/SwiftyExtension.framework",
				"${BUILT_PRODUCTS_DIR}/SwiftyUserDefaults/SwiftyUserDefaults.framework",
				"${BUILT_PRODUCTS_DIR}/ViewDeck/ViewDeck.framework",
			);
			name = "[CP] Embed Pods Frameworks";
			outputPaths = (
				"${TARGET_BUILD_DIR}/${FRAMEWORKS_FOLDER_PATH}/Alamofire.framework",
				"${TARGET_BUILD_DIR}/${FRAMEWORKS_FOLDER_PATH}/AlamofireObjectMapper.framework",
				"${TARGET_BUILD_DIR}/${FRAMEWORKS_FOLDER_PATH}/IQKeyboardManagerSwift.framework",
				"${TARGET_BUILD_DIR}/${FRAMEWORKS_FOLDER_PATH}/MarqueeLabel.framework",
				"${TARGET_BUILD_DIR}/${FRAMEWORKS_FOLDER_PATH}/NVActivityIndicatorView.framework",
				"${TARGET_BUILD_DIR}/${FRAMEWORKS_FOLDER_PATH}/NotificationBannerSwift.framework",
				"${TARGET_BUILD_DIR}/${FRAMEWORKS_FOLDER_PATH}/ObjectMapper.framework",
				"${TARGET_BUILD_DIR}/${FRAMEWORKS_FOLDER_PATH}/SDWebImage.framework",
				"${TARGET_BUILD_DIR}/${FRAMEWORKS_FOLDER_PATH}/SnapKit.framework",
				"${TARGET_BUILD_DIR}/${FRAMEWORKS_FOLDER_PATH}/SocketIO.framework",
				"${TARGET_BUILD_DIR}/${FRAMEWORKS_FOLDER_PATH}/Starscream.framework",
				"${TARGET_BUILD_DIR}/${FRAMEWORKS_FOLDER_PATH}/SwiftyExtension.framework",
				"${TARGET_BUILD_DIR}/${FRAMEWORKS_FOLDER_PATH}/SwiftyUserDefaults.framework",
				"${TARGET_BUILD_DIR}/${FRAMEWORKS_FOLDER_PATH}/ViewDeck.framework",
			);
			runOnlyForDeploymentPostprocessing = 0;
			shellPath = /bin/sh;
			shellScript = "\"${SRCROOT}/Pods/Target Support Files/Pods-HMDRealtimeChat/Pods-HMDRealtimeChat-frameworks.sh\"\n";
			showEnvVarsInLog = 0;
		};
/* End PBXShellScriptBuildPhase section */

/* Begin PBXSourcesBuildPhase section */
		CB82A95021479F4200538F1C /* Sources */ = {
			isa = PBXSourcesBuildPhase;
			buildActionMask = 2147483647;
			files = (
				CB2359992148C24700DB5240 /* RootLocationManager.swift in Sources */,
				CB2359BA2148C2E100DB5240 /* RootPrefrences.swift in Sources */,
				CB2359962148C24700DB5240 /* NSNumberExtension.swift in Sources */,
				CB2359A22148C24700DB5240 /* RootIndicatorView.swift in Sources */,
				CB2359932148C24700DB5240 /* UIImage+Utilities.swift in Sources */,
				CB2359C42148CA2600DB5240 /* RootNavigationChat.swift in Sources */,
				CB23598D2148C24700DB5240 /* EnumExtension.swift in Sources */,
				CB23598F2148C24700DB5240 /* UIDevice.swift in Sources */,
				CB23598E2148C24700DB5240 /* UIImageView+Utilities.swift in Sources */,
				CB23599F2148C24700DB5240 /* RootNotification.swift in Sources */,
				CB23599C2148C24700DB5240 /* RootImageUtil.swift in Sources */,
				CB2359A12148C24700DB5240 /* RootAuthManager.swift in Sources */,
				CB2359A02148C24700DB5240 /* RootDateTimeUtils.swift in Sources */,
				CB23598C2148C24700DB5240 /* TimeIntervalExtension.swift in Sources */,
				CB2359CD2148F4D500DB5240 /* SenderCell.swift in Sources */,
				CB2359972148C24700DB5240 /* RootColor.swift in Sources */,
				CB2359C02148C80C00DB5240 /* LoginViewController.swift in Sources */,
				CB2359A82148C24700DB5240 /* UsersViewController.swift in Sources */,
				CB2359BE2148C60C00DB5240 /* RootSocketClientManager.swift in Sources */,
				CB2359B82148C2E100DB5240 /* RootViewController.swift in Sources */,
				CB2359C22148C84E00DB5240 /* ChatViewController.swift in Sources */,
				CB2359822148C24700DB5240 /* ArrayExtension.swift in Sources */,
				CB2359C92148F4CB00DB5240 /* ReceiverCell.swift in Sources */,
				CB2359AB2148C24700DB5240 /* BaseTableViewCell.swift in Sources */,
				CB2359A62148C24700DB5240 /* RootStyleManager.swift in Sources */,
				CB2359BB2148C2E100DB5240 /* RootViewDeckController.swift in Sources */,
				CB23599B2148C24700DB5240 /* RootValidator.swift in Sources */,
				CB23598B2148C24700DB5240 /* ButtonWithImageAndTitleExtension.swift in Sources */,
				CB2359942148C24700DB5240 /* DictionaryExtension.swift in Sources */,
				CB23599E2148C24700DB5240 /* RootFunctions.swift in Sources */,
				CB2359AF2148C24700DB5240 /* AppDelegate.swift in Sources */,
				CB2359A32148C24700DB5240 /* RootMessage.swift in Sources */,
				CB72A712214A1B9C00BF3085 /* UserResponse.swift in Sources */,
				CB2359BC2148C2E100DB5240 /* RootContants.swift in Sources */,
				CB2359D12149024500DB5240 /* RootAPI.swift in Sources */,
				CB2359AD2148C24700DB5240 /* UserCell.swift in Sources */,
				CB2359952148C24700DB5240 /* DateHelper.swift in Sources */,
				CB2359982148C24700DB5240 /* RootType.swift in Sources */,
				CB2359842148C24700DB5240 /* UITextFieldExtension.swift in Sources */,
				CB2359922148C24700DB5240 /* StringExtension.swift in Sources */,
				CB23597F2148C24700DB5240 /* UIFont+MonserratSystemFont.swift in Sources */,
				CB2359852148C24700DB5240 /* NSDateExtension.swift in Sources */,
				CB23599D2148C24700DB5240 /* RootImagePicker.swift in Sources */,
				CB2359882148C24700DB5240 /* UITableViewExtension.swift in Sources */,
				CB2359A72148C24700DB5240 /* RootAlert.swift in Sources */,
				CB2359872148C24700DB5240 /* BundleExtension.swift in Sources */,
				CB2359C62148CA3700DB5240 /* RootNavigationUser.swift in Sources */,
				CB23599A2148C24700DB5240 /* RootString.swift in Sources */,
				CB2359A52148C24700DB5240 /* RootError.swift in Sources */,
				CB2359812148C24700DB5240 /* UIColor.swift in Sources */,
				CB2359902148C24700DB5240 /* DataExtension.swift in Sources */,
				CB23598A2148C24700DB5240 /* UIViewExtension.swift in Sources */,
				CB23597E2148C24700DB5240 /* ViewController.swift in Sources */,
				CB2359892148C24700DB5240 /* UIStoryboardExtension.swift in Sources */,
				CB2359802148C24700DB5240 /* UIView+Animations.swift in Sources */,
				CB2359ED214902FB00DB5240 /* GenericResponse.swift in Sources */,
				CB2359A42148C24700DB5240 /* RootLinker.swift in Sources */,
			);
			runOnlyForDeploymentPostprocessing = 0;
		};
/* End PBXSourcesBuildPhase section */

/* Begin PBXVariantGroup section */
		CB2359722148C24700DB5240 /* LaunchScreen.storyboard */ = {
			isa = PBXVariantGroup;
			children = (
				CB2359732148C24700DB5240 /* Base */,
			);
			name = LaunchScreen.storyboard;
			sourceTree = "<group>";
		};
		CB2359742148C24700DB5240 /* Main.storyboard */ = {
			isa = PBXVariantGroup;
			children = (
				CB2359752148C24700DB5240 /* Base */,
			);
			name = Main.storyboard;
			sourceTree = "<group>";
		};
/* End PBXVariantGroup section */

/* Begin XCBuildConfiguration section */
		CB82A96421479F4400538F1C /* Debug */ = {
			isa = XCBuildConfiguration;
			buildSettings = {
				ALWAYS_SEARCH_USER_PATHS = NO;
				CLANG_ANALYZER_NONNULL = YES;
				CLANG_ANALYZER_NUMBER_OBJECT_CONVERSION = YES_AGGRESSIVE;
				CLANG_CXX_LANGUAGE_STANDARD = "gnu++14";
				CLANG_CXX_LIBRARY = "libc++";
				CLANG_ENABLE_MODULES = YES;
				CLANG_ENABLE_OBJC_ARC = YES;
				CLANG_ENABLE_OBJC_WEAK = YES;
				CLANG_WARN_BLOCK_CAPTURE_AUTORELEASING = YES;
				CLANG_WARN_BOOL_CONVERSION = YES;
				CLANG_WARN_COMMA = YES;
				CLANG_WARN_CONSTANT_CONVERSION = YES;
				CLANG_WARN_DEPRECATED_OBJC_IMPLEMENTATIONS = YES;
				CLANG_WARN_DIRECT_OBJC_ISA_USAGE = YES_ERROR;
				CLANG_WARN_DOCUMENTATION_COMMENTS = YES;
				CLANG_WARN_EMPTY_BODY = YES;
				CLANG_WARN_ENUM_CONVERSION = YES;
				CLANG_WARN_INFINITE_RECURSION = YES;
				CLANG_WARN_INT_CONVERSION = YES;
				CLANG_WARN_NON_LITERAL_NULL_CONVERSION = YES;
				CLANG_WARN_OBJC_IMPLICIT_RETAIN_SELF = YES;
				CLANG_WARN_OBJC_LITERAL_CONVERSION = YES;
				CLANG_WARN_OBJC_ROOT_CLASS = YES_ERROR;
				CLANG_WARN_RANGE_LOOP_ANALYSIS = YES;
				CLANG_WARN_STRICT_PROTOTYPES = YES;
				CLANG_WARN_SUSPICIOUS_MOVE = YES;
				CLANG_WARN_UNGUARDED_AVAILABILITY = YES_AGGRESSIVE;
				CLANG_WARN_UNREACHABLE_CODE = YES;
				CLANG_WARN__DUPLICATE_METHOD_MATCH = YES;
				CODE_SIGN_IDENTITY = "iPhone Developer";
				COPY_PHASE_STRIP = NO;
				DEBUG_INFORMATION_FORMAT = dwarf;
				ENABLE_STRICT_OBJC_MSGSEND = YES;
				ENABLE_TESTABILITY = YES;
				GCC_C_LANGUAGE_STANDARD = gnu11;
				GCC_DYNAMIC_NO_PIC = NO;
				GCC_NO_COMMON_BLOCKS = YES;
				GCC_OPTIMIZATION_LEVEL = 0;
				GCC_PREPROCESSOR_DEFINITIONS = (
					"DEBUG=1",
					"$(inherited)",
				);
				GCC_WARN_64_TO_32_BIT_CONVERSION = YES;
				GCC_WARN_ABOUT_RETURN_TYPE = YES_ERROR;
				GCC_WARN_UNDECLARED_SELECTOR = YES;
				GCC_WARN_UNINITIALIZED_AUTOS = YES_AGGRESSIVE;
				GCC_WARN_UNUSED_FUNCTION = YES;
				GCC_WARN_UNUSED_VARIABLE = YES;
				IPHONEOS_DEPLOYMENT_TARGET = 11.3;
				MTL_ENABLE_DEBUG_INFO = YES;
				ONLY_ACTIVE_ARCH = YES;
				SDKROOT = iphoneos;
				SWIFT_ACTIVE_COMPILATION_CONDITIONS = DEBUG;
				SWIFT_OPTIMIZATION_LEVEL = "-Onone";
			};
			name = Debug;
		};
		CB82A96521479F4400538F1C /* Release */ = {
			isa = XCBuildConfiguration;
			buildSettings = {
				ALWAYS_SEARCH_USER_PATHS = NO;
				CLANG_ANALYZER_NONNULL = YES;
				CLANG_ANALYZER_NUMBER_OBJECT_CONVERSION = YES_AGGRESSIVE;
				CLANG_CXX_LANGUAGE_STANDARD = "gnu++14";
				CLANG_CXX_LIBRARY = "libc++";
				CLANG_ENABLE_MODULES = YES;
				CLANG_ENABLE_OBJC_ARC = YES;
				CLANG_ENABLE_OBJC_WEAK = YES;
				CLANG_WARN_BLOCK_CAPTURE_AUTORELEASING = YES;
				CLANG_WARN_BOOL_CONVERSION = YES;
				CLANG_WARN_COMMA = YES;
				CLANG_WARN_CONSTANT_CONVERSION = YES;
				CLANG_WARN_DEPRECATED_OBJC_IMPLEMENTATIONS = YES;
				CLANG_WARN_DIRECT_OBJC_ISA_USAGE = YES_ERROR;
				CLANG_WARN_DOCUMENTATION_COMMENTS = YES;
				CLANG_WARN_EMPTY_BODY = YES;
				CLANG_WARN_ENUM_CONVERSION = YES;
				CLANG_WARN_INFINITE_RECURSION = YES;
				CLANG_WARN_INT_CONVERSION = YES;
				CLANG_WARN_NON_LITERAL_NULL_CONVERSION = YES;
				CLANG_WARN_OBJC_IMPLICIT_RETAIN_SELF = YES;
				CLANG_WARN_OBJC_LITERAL_CONVERSION = YES;
				CLANG_WARN_OBJC_ROOT_CLASS = YES_ERROR;
				CLANG_WARN_RANGE_LOOP_ANALYSIS = YES;
				CLANG_WARN_STRICT_PROTOTYPES = YES;
				CLANG_WARN_SUSPICIOUS_MOVE = YES;
				CLANG_WARN_UNGUARDED_AVAILABILITY = YES_AGGRESSIVE;
				CLANG_WARN_UNREACHABLE_CODE = YES;
				CLANG_WARN__DUPLICATE_METHOD_MATCH = YES;
				CODE_SIGN_IDENTITY = "iPhone Developer";
				COPY_PHASE_STRIP = NO;
				DEBUG_INFORMATION_FORMAT = "dwarf-with-dsym";
				ENABLE_NS_ASSERTIONS = NO;
				ENABLE_STRICT_OBJC_MSGSEND = YES;
				GCC_C_LANGUAGE_STANDARD = gnu11;
				GCC_NO_COMMON_BLOCKS = YES;
				GCC_WARN_64_TO_32_BIT_CONVERSION = YES;
				GCC_WARN_ABOUT_RETURN_TYPE = YES_ERROR;
				GCC_WARN_UNDECLARED_SELECTOR = YES;
				GCC_WARN_UNINITIALIZED_AUTOS = YES_AGGRESSIVE;
				GCC_WARN_UNUSED_FUNCTION = YES;
				GCC_WARN_UNUSED_VARIABLE = YES;
				IPHONEOS_DEPLOYMENT_TARGET = 11.3;
				MTL_ENABLE_DEBUG_INFO = NO;
				SDKROOT = iphoneos;
				SWIFT_COMPILATION_MODE = wholemodule;
				SWIFT_OPTIMIZATION_LEVEL = "-O";
				VALIDATE_PRODUCT = YES;
			};
			name = Release;
		};
		CB82A96721479F4400538F1C /* Debug */ = {
			isa = XCBuildConfiguration;
			baseConfigurationReference = C5ABC8653A5F4402A7CF6E83 /* Pods-HMDRealtimeChat.debug.xcconfig */;
			buildSettings = {
				ASSETCATALOG_COMPILER_APPICON_NAME = AppIcon;
				CODE_SIGN_STYLE = Automatic;
				DEVELOPMENT_TEAM = P8HP85BVYU;
				INFOPLIST_FILE = "$(SRCROOT)/HMDRealtimeChat/SupportFiles/Info.plist";
				IPHONEOS_DEPLOYMENT_TARGET = 9.0;
				LD_RUNPATH_SEARCH_PATHS = (
					"$(inherited)",
					"@executable_path/Frameworks",
				);
				PRODUCT_BUNDLE_IDENTIFIER = com.nguyen.DemoSocketIOClient;
				PRODUCT_NAME = "$(TARGET_NAME)";
				SWIFT_VERSION = 4.0;
				TARGETED_DEVICE_FAMILY = "1,2";
			};
			name = Debug;
		};
		CB82A96821479F4400538F1C /* Release */ = {
			isa = XCBuildConfiguration;
			baseConfigurationReference = 9CB0138231C8FB680EA80093 /* Pods-HMDRealtimeChat.release.xcconfig */;
			buildSettings = {
				ASSETCATALOG_COMPILER_APPICON_NAME = AppIcon;
				CODE_SIGN_STYLE = Automatic;
				DEVELOPMENT_TEAM = P8HP85BVYU;
				INFOPLIST_FILE = "$(SRCROOT)/HMDRealtimeChat/SupportFiles/Info.plist";
				IPHONEOS_DEPLOYMENT_TARGET = 9.0;
				LD_RUNPATH_SEARCH_PATHS = (
					"$(inherited)",
					"@executable_path/Frameworks",
				);
				PRODUCT_BUNDLE_IDENTIFIER = com.nguyen.DemoSocketIOClient;
				PRODUCT_NAME = "$(TARGET_NAME)";
				SWIFT_VERSION = 4.0;
				TARGETED_DEVICE_FAMILY = "1,2";
			};
			name = Release;
		};
/* End XCBuildConfiguration section */

/* Begin XCConfigurationList section */
		CB82A94F21479F4200538F1C /* Build configuration list for PBXProject "HMDRealtimeChat" */ = {
			isa = XCConfigurationList;
			buildConfigurations = (
				CB82A96421479F4400538F1C /* Debug */,
				CB82A96521479F4400538F1C /* Release */,
			);
			defaultConfigurationIsVisible = 0;
			defaultConfigurationName = Release;
		};
		CB82A96621479F4400538F1C /* Build configuration list for PBXNativeTarget "HMDRealtimeChat" */ = {
			isa = XCConfigurationList;
			buildConfigurations = (
				CB82A96721479F4400538F1C /* Debug */,
				CB82A96821479F4400538F1C /* Release */,
			);
			defaultConfigurationIsVisible = 0;
			defaultConfigurationName = Release;
		};
/* End XCConfigurationList section */
	};
	rootObject = CB82A94C21479F4200538F1C /* Project object */;
}
